
Microsoft Visual Studio Solution File, Format Version 12.00
# Visual Studio Version 16
VisualStudioVersion = 16.0.32106.194
MinimumVisualStudioVersion = 10.0.40219.1
Project("{888888A0-9F3D-457C-B088-3A5042F75D52}") = "my_dictionary", "my_dictionary\my_dictionary.pyproj", "{E4230BB1-0A94-4B18-BE8D-2FCBF90578F8}"
EndProject
Global
	GlobalSection(SolutionConfigurationPlatforms) = preSolution
		Debug|Any CPU = Debug|Any CPU
		Release|Any CPU = Release|Any CPU
	EndGlobalSection
	GlobalSection(ProjectConfigurationPlatforms) = postSolution
		{E4230BB1-0A94-4B18-BE8D-2FCBF90578F8}.Debug|Any CPU.ActiveCfg = Debug|Any CPU
		{E4230BB1-0A94-4B18-BE8D-2FCBF90578F8}.Release|Any CPU.ActiveCfg = Release|Any CPU
	EndGlobalSection
	GlobalSection(SolutionProperties) = preSolution
		HideSolutionNode = FALSE
	EndGlobalSection
	GlobalSection(ExtensibilityGlobals) = postSolution
		SolutionGuid = {B8E7B328-B000-47B6-B8B4-9D871DF1B2A0}
	EndGlobalSection
EndGlobal
